// !$*UTF8*$!
{
	archiveVersion = 1;
	classes = {
	};
	objectVersion = 56;
	objects = {

/* Begin PBXBuildFile section */
		B5226F302B86F417004B9043 /* GiftTrackerApp.swift in Sources */ = {isa = PBXBuildFile; fileRef = B5226F2F2B86F417004B9043 /* GiftTrackerApp.swift */; };
		B5226F322B86F417004B9043 /* ContentView.swift in Sources */ = {isa = PBXBuildFile; fileRef = B5226F312B86F417004B9043 /* ContentView.swift */; };
		B5226F342B86F418004B9043 /* Assets.xcassets in Resources */ = {isa = PBXBuildFile; fileRef = B5226F332B86F418004B9043 /* Assets.xcassets */; };
		B5226F372B86F418004B9043 /* Preview Assets.xcassets in Resources */ = {isa = PBXBuildFile; fileRef = B5226F362B86F418004B9043 /* Preview Assets.xcassets */; };
		B5226F412B86F418004B9043 /* GiftTrackerTests.swift in Sources */ = {isa = PBXBuildFile; fileRef = B5226F402B86F418004B9043 /* GiftTrackerTests.swift */; };
		B5226F4B2B86F418004B9043 /* GiftTrackerUITests.swift in Sources */ = {isa = PBXBuildFile; fileRef = B5226F4A2B86F418004B9043 /* GiftTrackerUITests.swift */; };
		B5226F4D2B86F418004B9043 /* GiftTrackerUITestsLaunchTests.swift in Sources */ = {isa = PBXBuildFile; fileRef = B5226F4C2B86F418004B9043 /* GiftTrackerUITestsLaunchTests.swift */; };
		B5226F682B86FB5D004B9043 /* Recipient.swift in Sources */ = {isa = PBXBuildFile; fileRef = B5226F642B86FB5D004B9043 /* Recipient.swift */; };
		B5226F692B86FB5D004B9043 /* Gift.swift in Sources */ = {isa = PBXBuildFile; fileRef = B5226F662B86FB5D004B9043 /* Gift.swift */; };
		B5226F6A2B86FB5D004B9043 /* GiftStatus.swift in Sources */ = {isa = PBXBuildFile; fileRef = B5226F672B86FB5D004B9043 /* GiftStatus.swift */; };
/* End PBXBuildFile section */

/* Begin PBXContainerItemProxy section */
		B5226F3D2B86F418004B9043 /* PBXContainerItemProxy */ = {
			isa = PBXContainerItemProxy;
			containerPortal = B5226F242B86F417004B9043 /* Project object */;
			proxyType = 1;
			remoteGlobalIDString = B5226F2B2B86F417004B9043;
			remoteInfo = GiftTracker;
		};
		B5226F472B86F418004B9043 /* PBXContainerItemProxy */ = {
			isa = PBXContainerItemProxy;
			containerPortal = B5226F242B86F417004B9043 /* Project object */;
			proxyType = 1;
			remoteGlobalIDString = B5226F2B2B86F417004B9043;
			remoteInfo = GiftTracker;
		};
/* End PBXContainerItemProxy section */

/* Begin PBXFileReference section */
		B5226F2C2B86F417004B9043 /* GiftTracker.app */ = {isa = PBXFileReference; explicitFileType = wrapper.application; includeInIndex = 0; path = GiftTracker.app; sourceTree = BUILT_PRODUCTS_DIR; };
		B5226F2F2B86F417004B9043 /* GiftTrackerApp.swift */ = {isa = PBXFileReference; lastKnownFileType = sourcecode.swift; path = GiftTrackerApp.swift; sourceTree = "<group>"; };
		B5226F312B86F417004B9043 /* ContentView.swift */ = {isa = PBXFileReference; lastKnownFileType = sourcecode.swift; path = ContentView.swift; sourceTree = "<group>"; };
		B5226F332B86F418004B9043 /* Assets.xcassets */ = {isa = PBXFileReference; lastKnownFileType = folder.assetcatalog; path = Assets.xcassets; sourceTree = "<group>"; };
		B5226F362B86F418004B9043 /* Preview Assets.xcassets */ = {isa = PBXFileReference; lastKnownFileType = folder.assetcatalog; path = "Preview Assets.xcassets"; sourceTree = "<group>"; };
		B5226F3C2B86F418004B9043 /* GiftTrackerTests.xctest */ = {isa = PBXFileReference; explicitFileType = wrapper.cfbundle; includeInIndex = 0; path = GiftTrackerTests.xctest; sourceTree = BUILT_PRODUCTS_DIR; };
		B5226F402B86F418004B9043 /* GiftTrackerTests.swift */ = {isa = PBXFileReference; lastKnownFileType = sourcecode.swift; path = GiftTrackerTests.swift; sourceTree = "<group>"; };
		B5226F462B86F418004B9043 /* GiftTrackerUITests.xctest */ = {isa = PBXFileReference; explicitFileType = wrapper.cfbundle; includeInIndex = 0; path = GiftTrackerUITests.xctest; sourceTree = BUILT_PRODUCTS_DIR; };
		B5226F4A2B86F418004B9043 /* GiftTrackerUITests.swift */ = {isa = PBXFileReference; lastKnownFileType = sourcecode.swift; path = GiftTrackerUITests.swift; sourceTree = "<group>"; };
		B5226F4C2B86F418004B9043 /* GiftTrackerUITestsLaunchTests.swift */ = {isa = PBXFileReference; lastKnownFileType = sourcecode.swift; path = GiftTrackerUITestsLaunchTests.swift; sourceTree = "<group>"; };
		B5226F642B86FB5D004B9043 /* Recipient.swift */ = {isa = PBXFileReference; fileEncoding = 4; lastKnownFileType = sourcecode.swift; path = Recipient.swift; sourceTree = "<group>"; };
		B5226F662B86FB5D004B9043 /* Gift.swift */ = {isa = PBXFileReference; fileEncoding = 4; lastKnownFileType = sourcecode.swift; path = Gift.swift; sourceTree = "<group>"; };
		B5226F672B86FB5D004B9043 /* GiftStatus.swift */ = {isa = PBXFileReference; fileEncoding = 4; lastKnownFileType = sourcecode.swift; path = GiftStatus.swift; sourceTree = "<group>"; };
/* End PBXFileReference section */

/* Begin PBXFrameworksBuildPhase section */
		B5226F292B86F417004B9043 /* Frameworks */ = {
			isa = PBXFrameworksBuildPhase;
			buildActionMask = 2147483647;
			files = (
			);
			runOnlyForDeploymentPostprocessing = 0;
		};
		B5226F392B86F418004B9043 /* Frameworks */ = {
			isa = PBXFrameworksBuildPhase;
			buildActionMask = 2147483647;
			files = (
			);
			runOnlyForDeploymentPostprocessing = 0;
		};
		B5226F432B86F418004B9043 /* Frameworks */ = {
			isa = PBXFrameworksBuildPhase;
			buildActionMask = 2147483647;
			files = (
			);
			runOnlyForDeploymentPostprocessing = 0;
		};
/* End PBXFrameworksBuildPhase section */

/* Begin PBXGroup section */
		B5226F232B86F417004B9043 = {
			isa = PBXGroup;
			children = (
				B5226F2E2B86F417004B9043 /* GiftTracker */,
				B5226F3F2B86F418004B9043 /* GiftTrackerTests */,
				B5226F492B86F418004B9043 /* GiftTrackerUITests */,
				B5226F2D2B86F417004B9043 /* Products */,
			);
			sourceTree = "<group>";
		};
		B5226F2D2B86F417004B9043 /* Products */ = {
			isa = PBXGroup;
			children = (
				B5226F2C2B86F417004B9043 /* GiftTracker.app */,
				B5226F3C2B86F418004B9043 /* GiftTrackerTests.xctest */,
				B5226F462B86F418004B9043 /* GiftTrackerUITests.xctest */,
			);
			name = Products;
			sourceTree = "<group>";
		};
		B5226F2E2B86F417004B9043 /* GiftTracker */ = {
			isa = PBXGroup;
			children = (
				B5226F2F2B86F417004B9043 /* GiftTrackerApp.swift */,
				B5226F312B86F417004B9043 /* ContentView.swift */,
				B5226F622B86FB5D004B9043 /* Models */,
				B5226F332B86F418004B9043 /* Assets.xcassets */,
				B5226F352B86F418004B9043 /* Preview Content */,
			);
			path = GiftTracker;
			sourceTree = "<group>";
		};
		B5226F352B86F418004B9043 /* Preview Content */ = {
			isa = PBXGroup;
			children = (
				B5226F362B86F418004B9043 /* Preview Assets.xcassets */,
			);
			path = "Preview Content";
			sourceTree = "<group>";
		};
		B5226F3F2B86F418004B9043 /* GiftTrackerTests */ = {
			isa = PBXGroup;
			children = (
				B5226F402B86F418004B9043 /* GiftTrackerTests.swift */,
			);
			path = GiftTrackerTests;
			sourceTree = "<group>";
		};
		B5226F492B86F418004B9043 /* GiftTrackerUITests */ = {
			isa = PBXGroup;
			children = (
				B5226F4A2B86F418004B9043 /* GiftTrackerUITests.swift */,
				B5226F4C2B86F418004B9043 /* GiftTrackerUITestsLaunchTests.swift */,
			);
			path = GiftTrackerUITests;
			sourceTree = "<group>";
		};
		B5226F622B86FB5D004B9043 /* Models */ = {
			isa = PBXGroup;
			children = (
				B5226F632B86FB5D004B9043 /* Recipient */,
				B5226F652B86FB5D004B9043 /* Gift */,
			);
			path = Models;
			sourceTree = "<group>";
		};
		B5226F632B86FB5D004B9043 /* Recipient */ = {
			isa = PBXGroup;
			children = (
				B5226F642B86FB5D004B9043 /* Recipient.swift */,
			);
			path = Recipient;
			sourceTree = "<group>";
		};
		B5226F652B86FB5D004B9043 /* Gift */ = {
			isa = PBXGroup;
			children = (
				B5226F662B86FB5D004B9043 /* Gift.swift */,
				B5226F672B86FB5D004B9043 /* GiftStatus.swift */,
			);
			path = Gift;
			sourceTree = "<group>";
		};
/* End PBXGroup section */

/* Begin PBXNativeTarget section */
		B5226F2B2B86F417004B9043 /* GiftTracker */ = {
			isa = PBXNativeTarget;
			buildConfigurationList = B5226F502B86F418004B9043 /* Build configuration list for PBXNativeTarget "GiftTracker" */;
			buildPhases = (
				B5226F282B86F417004B9043 /* Sources */,
				B5226F292B86F417004B9043 /* Frameworks */,
				B5226F2A2B86F417004B9043 /* Resources */,
			);
			buildRules = (
			);
			dependencies = (
			);
			name = GiftTracker;
			productName = GiftTracker;
			productReference = B5226F2C2B86F417004B9043 /* GiftTracker.app */;
			productType = "com.apple.product-type.application";
		};
		B5226F3B2B86F418004B9043 /* GiftTrackerTests */ = {
			isa = PBXNativeTarget;
			buildConfigurationList = B5226F532B86F418004B9043 /* Build configuration list for PBXNativeTarget "GiftTrackerTests" */;
			buildPhases = (
				B5226F382B86F418004B9043 /* Sources */,
				B5226F392B86F418004B9043 /* Frameworks */,
				B5226F3A2B86F418004B9043 /* Resources */,
			);
			buildRules = (
			);
			dependencies = (
				B5226F3E2B86F418004B9043 /* PBXTargetDependency */,
			);
			name = GiftTrackerTests;
			productName = GiftTrackerTests;
			productReference = B5226F3C2B86F418004B9043 /* GiftTrackerTests.xctest */;
			productType = "com.apple.product-type.bundle.unit-test";
		};
		B5226F452B86F418004B9043 /* GiftTrackerUITests */ = {
			isa = PBXNativeTarget;
			buildConfigurationList = B5226F562B86F418004B9043 /* Build configuration list for PBXNativeTarget "GiftTrackerUITests" */;
			buildPhases = (
				B5226F422B86F418004B9043 /* Sources */,
				B5226F432B86F418004B9043 /* Frameworks */,
				B5226F442B86F418004B9043 /* Resources */,
			);
			buildRules = (
			);
			dependencies = (
				B5226F482B86F418004B9043 /* PBXTargetDependency */,
			);
			name = GiftTrackerUITests;
			productName = GiftTrackerUITests;
			productReference = B5226F462B86F418004B9043 /* GiftTrackerUITests.xctest */;
			productType = "com.apple.product-type.bundle.ui-testing";
		};
/* End PBXNativeTarget section */

/* Begin PBXProject section */
		B5226F242B86F417004B9043 /* Project object */ = {
			isa = PBXProject;
			attributes = {
				BuildIndependentTargetsInParallel = 1;
				LastSwiftUpdateCheck = 1520;
				LastUpgradeCheck = 1520;
				TargetAttributes = {
					B5226F2B2B86F417004B9043 = {
						CreatedOnToolsVersion = 15.2;
					};
					B5226F3B2B86F418004B9043 = {
						CreatedOnToolsVersion = 15.2;
						TestTargetID = B5226F2B2B86F417004B9043;
					};
					B5226F452B86F418004B9043 = {
						CreatedOnToolsVersion = 15.2;
						TestTargetID = B5226F2B2B86F417004B9043;
					};
				};
			};
			buildConfigurationList = B5226F272B86F417004B9043 /* Build configuration list for PBXProject "GiftTracker" */;
			compatibilityVersion = "Xcode 14.0";
			developmentRegion = en;
			hasScannedForEncodings = 0;
			knownRegions = (
				en,
				Base,
			);
			mainGroup = B5226F232B86F417004B9043;
			productRefGroup = B5226F2D2B86F417004B9043 /* Products */;
			projectDirPath = "";
			projectRoot = "";
			targets = (
				B5226F2B2B86F417004B9043 /* GiftTracker */,
				B5226F3B2B86F418004B9043 /* GiftTrackerTests */,
				B5226F452B86F418004B9043 /* GiftTrackerUITests */,
			);
		};
/* End PBXProject section */

/* Begin PBXResourcesBuildPhase section */
		B5226F2A2B86F417004B9043 /* Resources */ = {
			isa = PBXResourcesBuildPhase;
			buildActionMask = 2147483647;
			files = (
				B5226F372B86F418004B9043 /* Preview Assets.xcassets in Resources */,
				B5226F342B86F418004B9043 /* Assets.xcassets in Resources */,
			);
			runOnlyForDeploymentPostprocessing = 0;
		};
		B5226F3A2B86F418004B9043 /* Resources */ = {
			isa = PBXResourcesBuildPhase;
			buildActionMask = 2147483647;
			files = (
			);
			runOnlyForDeploymentPostprocessing = 0;
		};
		B5226F442B86F418004B9043 /* Resources */ = {
			isa = PBXResourcesBuildPhase;
			buildActionMask = 2147483647;
			files = (
			);
			runOnlyForDeploymentPostprocessing = 0;
		};
/* End PBXResourcesBuildPhase section */

/* Begin PBXSourcesBuildPhase section */
		B5226F282B86F417004B9043 /* Sources */ = {
			isa = PBXSourcesBuildPhase;
			buildActionMask = 2147483647;
			files = (
				B5226F322B86F417004B9043 /* ContentView.swift in Sources */,
				B5226F302B86F417004B9043 /* GiftTrackerApp.swift in Sources */,
				B5226F682B86FB5D004B9043 /* Recipient.swift in Sources */,
				B5226F6A2B86FB5D004B9043 /* GiftStatus.swift in Sources */,
				B5226F692B86FB5D004B9043 /* Gift.swift in Sources */,
			);
			runOnlyForDeploymentPostprocessing = 0;
		};
		B5226F382B86F418004B9043 /* Sources */ = {
			isa = PBXSourcesBuildPhase;
			buildActionMask = 2147483647;
			files = (
				B5226F412B86F418004B9043 /* GiftTrackerTests.swift in Sources */,
			);
			runOnlyForDeploymentPostprocessing = 0;
		};
		B5226F422B86F418004B9043 /* Sources */ = {
			isa = PBXSourcesBuildPhase;
			buildActionMask = 2147483647;
			files = (
				B5226F4B2B86F418004B9043 /* GiftTrackerUITests.swift in Sources */,
				B5226F4D2B86F418004B9043 /* GiftTrackerUITestsLaunchTests.swift in Sources */,
			);
			runOnlyForDeploymentPostprocessing = 0;
		};
/* End PBXSourcesBuildPhase section */

/* Begin PBXTargetDependency section */
		B5226F3E2B86F418004B9043 /* PBXTargetDependency */ = {
			isa = PBXTargetDependency;
			target = B5226F2B2B86F417004B9043 /* GiftTracker */;
			targetProxy = B5226F3D2B86F418004B9043 /* PBXContainerItemProxy */;
		};
		B5226F482B86F418004B9043 /* PBXTargetDependency */ = {
			isa = PBXTargetDependency;
			target = B5226F2B2B86F417004B9043 /* GiftTracker */;
			targetProxy = B5226F472B86F418004B9043 /* PBXContainerItemProxy */;
		};
/* End PBXTargetDependency section */

/* Begin XCBuildConfiguration section */
		B5226F4E2B86F418004B9043 /* Debug */ = {
			isa = XCBuildConfiguration;
			buildSettings = {
				ALWAYS_SEARCH_USER_PATHS = NO;
				ASSETCATALOG_COMPILER_GENERATE_SWIFT_ASSET_SYMBOL_EXTENSIONS = YES;
				CLANG_ANALYZER_NONNULL = YES;
				CLANG_ANALYZER_NUMBER_OBJECT_CONVERSION = YES_AGGRESSIVE;
				CLANG_CXX_LANGUAGE_STANDARD = "gnu++20";
				CLANG_ENABLE_MODULES = YES;
				CLANG_ENABLE_OBJC_ARC = YES;
				CLANG_ENABLE_OBJC_WEAK = YES;
				CLANG_WARN_BLOCK_CAPTURE_AUTORELEASING = YES;
				CLANG_WARN_BOOL_CONVERSION = YES;
				CLANG_WARN_COMMA = YES;
				CLANG_WARN_CONSTANT_CONVERSION = YES;
				CLANG_WARN_DEPRECATED_OBJC_IMPLEMENTATIONS = YES;
				CLANG_WARN_DIRECT_OBJC_ISA_USAGE = YES_ERROR;
				CLANG_WARN_DOCUMENTATION_COMMENTS = YES;
				CLANG_WARN_EMPTY_BODY = YES;
				CLANG_WARN_ENUM_CONVERSION = YES;
				CLANG_WARN_INFINITE_RECURSION = YES;
				CLANG_WARN_INT_CONVERSION = YES;
				CLANG_WARN_NON_LITERAL_NULL_CONVERSION = YES;
				CLANG_WARN_OBJC_IMPLICIT_RETAIN_SELF = YES;
				CLANG_WARN_OBJC_LITERAL_CONVERSION = YES;
				CLANG_WARN_OBJC_ROOT_CLASS = YES_ERROR;
				CLANG_WARN_QUOTED_INCLUDE_IN_FRAMEWORK_HEADER = YES;
				CLANG_WARN_RANGE_LOOP_ANALYSIS = YES;
				CLANG_WARN_STRICT_PROTOTYPES = YES;
				CLANG_WARN_SUSPICIOUS_MOVE = YES;
				CLANG_WARN_UNGUARDED_AVAILABILITY = YES_AGGRESSIVE;
				CLANG_WARN_UNREACHABLE_CODE = YES;
				CLANG_WARN__DUPLICATE_METHOD_MATCH = YES;
				COPY_PHASE_STRIP = NO;
				DEBUG_INFORMATION_FORMAT = dwarf;
				ENABLE_STRICT_OBJC_MSGSEND = YES;
				ENABLE_TESTABILITY = YES;
				ENABLE_USER_SCRIPT_SANDBOXING = YES;
				GCC_C_LANGUAGE_STANDARD = gnu17;
				GCC_DYNAMIC_NO_PIC = NO;
				GCC_NO_COMMON_BLOCKS = YES;
				GCC_OPTIMIZATION_LEVEL = 0;
				GCC_PREPROCESSOR_DEFINITIONS = (
					"DEBUG=1",
					"$(inherited)",
				);
				GCC_WARN_64_TO_32_BIT_CONVERSION = YES;
				GCC_WARN_ABOUT_RETURN_TYPE = YES_ERROR;
				GCC_WARN_UNDECLARED_SELECTOR = YES;
				GCC_WARN_UNINITIALIZED_AUTOS = YES_AGGRESSIVE;
				GCC_WARN_UNUSED_FUNCTION = YES;
				GCC_WARN_UNUSED_VARIABLE = YES;
				IPHONEOS_DEPLOYMENT_TARGET = 17.2;
				LOCALIZATION_PREFERS_STRING_CATALOGS = YES;
				MTL_ENABLE_DEBUG_INFO = INCLUDE_SOURCE;
				MTL_FAST_MATH = YES;
				ONLY_ACTIVE_ARCH = YES;
				SDKROOT = iphoneos;
				SWIFT_ACTIVE_COMPILATION_CONDITIONS = "DEBUG $(inherited)";
				SWIFT_OPTIMIZATION_LEVEL = "-Onone";
			};
			name = Debug;
		};
		B5226F4F2B86F418004B9043 /* Release */ = {
			isa = XCBuildConfiguration;
			buildSettings = {
				ALWAYS_SEARCH_USER_PATHS = NO;
				ASSETCATALOG_COMPILER_GENERATE_SWIFT_ASSET_SYMBOL_EXTENSIONS = YES;
				CLANG_ANALYZER_NONNULL = YES;
				CLANG_ANALYZER_NUMBER_OBJECT_CONVERSION = YES_AGGRESSIVE;
				CLANG_CXX_LANGUAGE_STANDARD = "gnu++20";
				CLANG_ENABLE_MODULES = YES;
				CLANG_ENABLE_OBJC_ARC = YES;
				CLANG_ENABLE_OBJC_WEAK = YES;
				CLANG_WARN_BLOCK_CAPTURE_AUTORELEASING = YES;
				CLANG_WARN_BOOL_CONVERSION = YES;
				CLANG_WARN_COMMA = YES;
				CLANG_WARN_CONSTANT_CONVERSION = YES;
				CLANG_WARN_DEPRECATED_OBJC_IMPLEMENTATIONS = YES;
				CLANG_WARN_DIRECT_OBJC_ISA_USAGE = YES_ERROR;
				CLANG_WARN_DOCUMENTATION_COMMENTS = YES;
				CLANG_WARN_EMPTY_BODY = YES;
				CLANG_WARN_ENUM_CONVERSION = YES;
				CLANG_WARN_INFINITE_RECURSION = YES;
				CLANG_WARN_INT_CONVERSION = YES;
				CLANG_WARN_NON_LITERAL_NULL_CONVERSION = YES;
				CLANG_WARN_OBJC_IMPLICIT_RETAIN_SELF = YES;
				CLANG_WARN_OBJC_LITERAL_CONVERSION = YES;
				CLANG_WARN_OBJC_ROOT_CLASS = YES_ERROR;
				CLANG_WARN_QUOTED_INCLUDE_IN_FRAMEWORK_HEADER = YES;
				CLANG_WARN_RANGE_LOOP_ANALYSIS = YES;
				CLANG_WARN_STRICT_PROTOTYPES = YES;
				CLANG_WARN_SUSPICIOUS_MOVE = YES;
				CLANG_WARN_UNGUARDED_AVAILABILITY = YES_AGGRESSIVE;
				CLANG_WARN_UNREACHABLE_CODE = YES;
				CLANG_WARN__DUPLICATE_METHOD_MATCH = YES;
				COPY_PHASE_STRIP = NO;
				DEBUG_INFORMATION_FORMAT = "dwarf-with-dsym";
				ENABLE_NS_ASSERTIONS = NO;
				ENABLE_STRICT_OBJC_MSGSEND = YES;
				ENABLE_USER_SCRIPT_SANDBOXING = YES;
				GCC_C_LANGUAGE_STANDARD = gnu17;
				GCC_NO_COMMON_BLOCKS = YES;
				GCC_WARN_64_TO_32_BIT_CONVERSION = YES;
				GCC_WARN_ABOUT_RETURN_TYPE = YES_ERROR;
				GCC_WARN_UNDECLARED_SELECTOR = YES;
				GCC_WARN_UNINITIALIZED_AUTOS = YES_AGGRESSIVE;
				GCC_WARN_UNUSED_FUNCTION = YES;
				GCC_WARN_UNUSED_VARIABLE = YES;
				IPHONEOS_DEPLOYMENT_TARGET = 17.2;
				LOCALIZATION_PREFERS_STRING_CATALOGS = YES;
				MTL_ENABLE_DEBUG_INFO = NO;
				MTL_FAST_MATH = YES;
				SDKROOT = iphoneos;
				SWIFT_COMPILATION_MODE = wholemodule;
				VALIDATE_PRODUCT = YES;
			};
			name = Release;
		};
		B5226F512B86F418004B9043 /* Debug */ = {
			isa = XCBuildConfiguration;
			buildSettings = {
				ASSETCATALOG_COMPILER_APPICON_NAME = AppIcon;
				ASSETCATALOG_COMPILER_GLOBAL_ACCENT_COLOR_NAME = AccentColor;
				CODE_SIGN_STYLE = Automatic;
				CURRENT_PROJECT_VERSION = 1;
				DEVELOPMENT_ASSET_PATHS = "\"GiftTracker/Preview Content\"";
				DEVELOPMENT_TEAM = DD8G3E28HN;
				ENABLE_PREVIEWS = YES;
				GENERATE_INFOPLIST_FILE = YES;
				INFOPLIST_KEY_UIApplicationSceneManifest_Generation = YES;
				INFOPLIST_KEY_UIApplicationSupportsIndirectInputEvents = YES;
				INFOPLIST_KEY_UILaunchScreen_Generation = YES;
				INFOPLIST_KEY_UISupportedInterfaceOrientations_iPad = "UIInterfaceOrientationPortrait UIInterfaceOrientationPortraitUpsideDown UIInterfaceOrientationLandscapeLeft UIInterfaceOrientationLandscapeRight";
				INFOPLIST_KEY_UISupportedInterfaceOrientations_iPhone = "UIInterfaceOrientationPortrait UIInterfaceOrientationLandscapeLeft UIInterfaceOrientationLandscapeRight";
				LD_RUNPATH_SEARCH_PATHS = (
					"$(inherited)",
					"@executable_path/Frameworks",
				);
				MARKETING_VERSION = 1.0;
				PRODUCT_BUNDLE_IDENTIFIER = com.salmanburhan.GiftTracker;
				PRODUCT_NAME = "$(TARGET_NAME)";
				SWIFT_EMIT_LOC_STRINGS = YES;
				SWIFT_VERSION = 5.0;
				TARGETED_DEVICE_FAMILY = "1,2";
			};
			name = Debug;
		};
		B5226F522B86F418004B9043 /* Release */ = {
			isa = XCBuildConfiguration;
			buildSettings = {
				ASSETCATALOG_COMPILER_APPICON_NAME = AppIcon;
				ASSETCATALOG_COMPILER_GLOBAL_ACCENT_COLOR_NAME = AccentColor;
				CODE_SIGN_STYLE = Automatic;
				CURRENT_PROJECT_VERSION = 1;
				DEVELOPMENT_ASSET_PATHS = "\"GiftTracker/Preview Content\"";
				DEVELOPMENT_TEAM = DD8G3E28HN;
				ENABLE_PREVIEWS = YES;
				GENERATE_INFOPLIST_FILE = YES;
				INFOPLIST_KEY_UIApplicationSceneManifest_Generation = YES;
				INFOPLIST_KEY_UIApplicationSupportsIndirectInputEvents = YES;
				INFOPLIST_KEY_UILaunchScreen_Generation = YES;
				INFOPLIST_KEY_UISupportedInterfaceOrientations_iPad = "UIInterfaceOrientationPortrait UIInterfaceOrientationPortraitUpsideDown UIInterfaceOrientationLandscapeLeft UIInterfaceOrientationLandscapeRight";
				INFOPLIST_KEY_UISupportedInterfaceOrientations_iPhone = "UIInterfaceOrientationPortrait UIInterfaceOrientationLandscapeLeft UIInterfaceOrientationLandscapeRight";
				LD_RUNPATH_SEARCH_PATHS = (
					"$(inherited)",
					"@executable_path/Frameworks",
				);
				MARKETING_VERSION = 1.0;
				PRODUCT_BUNDLE_IDENTIFIER = com.salmanburhan.GiftTracker;
				PRODUCT_NAME = "$(TARGET_NAME)";
				SWIFT_EMIT_LOC_STRINGS = YES;
				SWIFT_VERSION = 5.0;
				TARGETED_DEVICE_FAMILY = "1,2";
			};
			name = Release;
		};
		B5226F542B86F418004B9043 /* Debug */ = {
			isa = XCBuildConfiguration;
			buildSettings = {
				ALWAYS_EMBED_SWIFT_STANDARD_LIBRARIES = YES;
				BUNDLE_LOADER = "$(TEST_HOST)";
				CODE_SIGN_STYLE = Automatic;
				CURRENT_PROJECT_VERSION = 1;
				DEVELOPMENT_TEAM = DD8G3E28HN;
				GENERATE_INFOPLIST_FILE = YES;
				IPHONEOS_DEPLOYMENT_TARGET = 17.2;
				MARKETING_VERSION = 1.0;
				PRODUCT_BUNDLE_IDENTIFIER = com.salmanburhan.GiftTrackerTests;
				PRODUCT_NAME = "$(TARGET_NAME)";
				SWIFT_EMIT_LOC_STRINGS = NO;
				SWIFT_VERSION = 5.0;
				TARGETED_DEVICE_FAMILY = "1,2";
				TEST_HOST = "$(BUILT_PRODUCTS_DIR)/GiftTracker.app/$(BUNDLE_EXECUTABLE_FOLDER_PATH)/GiftTracker";
			};
			name = Debug;
		};
		B5226F552B86F418004B9043 /* Release */ = {
			isa = XCBuildConfiguration;
			buildSettings = {
				ALWAYS_EMBED_SWIFT_STANDARD_LIBRARIES = YES;
				BUNDLE_LOADER = "$(TEST_HOST)";
				CODE_SIGN_STYLE = Automatic;
				CURRENT_PROJECT_VERSION = 1;
				DEVELOPMENT_TEAM = DD8G3E28HN;
				GENERATE_INFOPLIST_FILE = YES;
				IPHONEOS_DEPLOYMENT_TARGET = 17.2;
				MARKETING_VERSION = 1.0;
				PRODUCT_BUNDLE_IDENTIFIER = com.salmanburhan.GiftTrackerTests;
				PRODUCT_NAME = "$(TARGET_NAME)";
				SWIFT_EMIT_LOC_STRINGS = NO;
				SWIFT_VERSION = 5.0;
				TARGETED_DEVICE_FAMILY = "1,2";
				TEST_HOST = "$(BUILT_PRODUCTS_DIR)/GiftTracker.app/$(BUNDLE_EXECUTABLE_FOLDER_PATH)/GiftTracker";
			};
			name = Release;
		};
		B5226F572B86F418004B9043 /* Debug */ = {
			isa = XCBuildConfiguration;
			buildSettings = {
				ALWAYS_EMBED_SWIFT_STANDARD_LIBRARIES = YES;
				CODE_SIGN_STYLE = Automatic;
				CURRENT_PROJECT_VERSION = 1;
				DEVELOPMENT_TEAM = DD8G3E28HN;
				GENERATE_INFOPLIST_FILE = YES;
				MARKETING_VERSION = 1.0;
				PRODUCT_BUNDLE_IDENTIFIER = com.salmanburhan.GiftTrackerUITests;
				PRODUCT_NAME = "$(TARGET_NAME)";
				SWIFT_EMIT_LOC_STRINGS = NO;
				SWIFT_VERSION = 5.0;
				TARGETED_DEVICE_FAMILY = "1,2";
				TEST_TARGET_NAME = GiftTracker;
			};
			name = Debug;
		};
		B5226F582B86F418004B9043 /* Release */ = {
			isa = XCBuildConfiguration;
			buildSettings = {
				ALWAYS_EMBED_SWIFT_STANDARD_LIBRARIES = YES;
				CODE_SIGN_STYLE = Automatic;
				CURRENT_PROJECT_VERSION = 1;
				DEVELOPMENT_TEAM = DD8G3E28HN;
				GENERATE_INFOPLIST_FILE = YES;
				MARKETING_VERSION = 1.0;
				PRODUCT_BUNDLE_IDENTIFIER = com.salmanburhan.GiftTrackerUITests;
				PRODUCT_NAME = "$(TARGET_NAME)";
				SWIFT_EMIT_LOC_STRINGS = NO;
				SWIFT_VERSION = 5.0;
				TARGETED_DEVICE_FAMILY = "1,2";
				TEST_TARGET_NAME = GiftTracker;
			};
			name = Release;
		};
/* End XCBuildConfiguration section */

/* Begin XCConfigurationList section */
		B5226F272B86F417004B9043 /* Build configuration list for PBXProject "GiftTracker" */ = {
			isa = XCConfigurationList;
			buildConfigurations = (
				B5226F4E2B86F418004B9043 /* Debug */,
				B5226F4F2B86F418004B9043 /* Release */,
			);
			defaultConfigurationIsVisible = 0;
			defaultConfigurationName = Release;
		};
		B5226F502B86F418004B9043 /* Build configuration list for PBXNativeTarget "GiftTracker" */ = {
			isa = XCConfigurationList;
			buildConfigurations = (
				B5226F512B86F418004B9043 /* Debug */,
				B5226F522B86F418004B9043 /* Release */,
			);
			defaultConfigurationIsVisible = 0;
			defaultConfigurationName = Release;
		};
		B5226F532B86F418004B9043 /* Build configuration list for PBXNativeTarget "GiftTrackerTests" */ = {
			isa = XCConfigurationList;
			buildConfigurations = (
				B5226F542B86F418004B9043 /* Debug */,
				B5226F552B86F418004B9043 /* Release */,
			);
			defaultConfigurationIsVisible = 0;
			defaultConfigurationName = Release;
		};
		B5226F562B86F418004B9043 /* Build configuration list for PBXNativeTarget "GiftTrackerUITests" */ = {
			isa = XCConfigurationList;
			buildConfigurations = (
				B5226F572B86F418004B9043 /* Debug */,
				B5226F582B86F418004B9043 /* Release */,
			);
			defaultConfigurationIsVisible = 0;
			defaultConfigurationName = Release;
		};
/* End XCConfigurationList section */
	};
	rootObject = B5226F242B86F417004B9043 /* Project object */;
}
